// !$*UTF8*$!
{
	archiveVersion = 1;
	classes = {
	};
	objectVersion = 55;
	objects = {

/* Begin PBXBuildFile section */
		7DD8C0F46C88246AC27C5306 /* Pods_GeekBrainsShop.framework in Frameworks */ = {isa = PBXBuildFile; fileRef = 5A25749E12B947FB1932FA7E /* Pods_GeekBrainsShop.framework */; };
		A2452DAF28158C2C00817714 /* DataRequest.swift in Sources */ = {isa = PBXBuildFile; fileRef = A2452DAE28158C2C00817714 /* DataRequest.swift */; };
		A2452DB128158C6200817714 /* RequestRouter.swift in Sources */ = {isa = PBXBuildFile; fileRef = A2452DB028158C6200817714 /* RequestRouter.swift */; };
		A2452DB328158CD700817714 /* LoginResult.swift in Sources */ = {isa = PBXBuildFile; fileRef = A2452DB228158CD700817714 /* LoginResult.swift */; };
		A2452DB528158CF400817714 /* User.swift in Sources */ = {isa = PBXBuildFile; fileRef = A2452DB428158CF400817714 /* User.swift */; };
		A2452DB828158D3E00817714 /* AuthRequestFactory.swift in Sources */ = {isa = PBXBuildFile; fileRef = A2452DB728158D3E00817714 /* AuthRequestFactory.swift */; };
		A2452DBA28158D5E00817714 /* Auth.swift in Sources */ = {isa = PBXBuildFile; fileRef = A2452DB928158D5E00817714 /* Auth.swift */; };
		A2452DBC28158DDA00817714 /* RequestFactory.swift in Sources */ = {isa = PBXBuildFile; fileRef = A2452DBB28158DDA00817714 /* RequestFactory.swift */; };
		A2452DBE28158F8800817714 /* ChangeUserData.swift in Sources */ = {isa = PBXBuildFile; fileRef = A2452DBD28158F8800817714 /* ChangeUserData.swift */; };
		A2452DC028158FB100817714 /* ChangeUserDataRequestFactory.swift in Sources */ = {isa = PBXBuildFile; fileRef = A2452DBF28158FB100817714 /* ChangeUserDataRequestFactory.swift */; };
		A2452DC228158FD300817714 /* Signup.swift in Sources */ = {isa = PBXBuildFile; fileRef = A2452DC128158FD300817714 /* Signup.swift */; };
		A2452DC428158FF800817714 /* SignupRequestFactory.swift in Sources */ = {isa = PBXBuildFile; fileRef = A2452DC328158FF800817714 /* SignupRequestFactory.swift */; };
		A2452DC62815902700817714 /* ChangeUserDataResult.swift in Sources */ = {isa = PBXBuildFile; fileRef = A2452DC52815902700817714 /* ChangeUserDataResult.swift */; };
		A2452DC82815903D00817714 /* LogoutResult.swift in Sources */ = {isa = PBXBuildFile; fileRef = A2452DC72815903D00817714 /* LogoutResult.swift */; };
		A2452DCA2815905B00817714 /* SignupResult.swift in Sources */ = {isa = PBXBuildFile; fileRef = A2452DC92815905B00817714 /* SignupResult.swift */; };
		A26810AE28158AE600B9F07C /* AbstractErrorParser.swift in Sources */ = {isa = PBXBuildFile; fileRef = A26810AD28158AE600B9F07C /* AbstractErrorParser.swift */; };
		A26810B028158AFF00B9F07C /* ErrorParser.swift in Sources */ = {isa = PBXBuildFile; fileRef = A26810AF28158AFF00B9F07C /* ErrorParser.swift */; };
		A26810B228158B7700B9F07C /* CustomDecodableSerializer.swift in Sources */ = {isa = PBXBuildFile; fileRef = A26810B128158B7700B9F07C /* CustomDecodableSerializer.swift */; };
		A2D94C732810841B001044B3 /* AppDelegate.swift in Sources */ = {isa = PBXBuildFile; fileRef = A2D94C722810841B001044B3 /* AppDelegate.swift */; };
		A2D94C752810841B001044B3 /* SceneDelegate.swift in Sources */ = {isa = PBXBuildFile; fileRef = A2D94C742810841B001044B3 /* SceneDelegate.swift */; };
		A2D94C772810841B001044B3 /* ViewController.swift in Sources */ = {isa = PBXBuildFile; fileRef = A2D94C762810841B001044B3 /* ViewController.swift */; };
		A2D94C7A2810841B001044B3 /* Main.storyboard in Resources */ = {isa = PBXBuildFile; fileRef = A2D94C782810841B001044B3 /* Main.storyboard */; };
		A2D94C7C28108422001044B3 /* Assets.xcassets in Resources */ = {isa = PBXBuildFile; fileRef = A2D94C7B28108422001044B3 /* Assets.xcassets */; };
		A2D94C7F28108422001044B3 /* LaunchScreen.storyboard in Resources */ = {isa = PBXBuildFile; fileRef = A2D94C7D28108422001044B3 /* LaunchScreen.storyboard */; };
		A2D94C8A28108422001044B3 /* GeekBrainsShopTests.swift in Sources */ = {isa = PBXBuildFile; fileRef = A2D94C8928108422001044B3 /* GeekBrainsShopTests.swift */; };
		A2D94C9428108422001044B3 /* GeekBrainsShopUITests.swift in Sources */ = {isa = PBXBuildFile; fileRef = A2D94C9328108422001044B3 /* GeekBrainsShopUITests.swift */; };
		A2D94C9628108422001044B3 /* GeekBrainsShopUITestsLaunchTests.swift in Sources */ = {isa = PBXBuildFile; fileRef = A2D94C9528108422001044B3 /* GeekBrainsShopUITestsLaunchTests.swift */; };
/* End PBXBuildFile section */

/* Begin PBXContainerItemProxy section */
		A2D94C8628108422001044B3 /* PBXContainerItemProxy */ = {
			isa = PBXContainerItemProxy;
			containerPortal = A2D94C672810841B001044B3 /* Project object */;
			proxyType = 1;
			remoteGlobalIDString = A2D94C6E2810841B001044B3;
			remoteInfo = GeekBrainsShop;
		};
		A2D94C9028108422001044B3 /* PBXContainerItemProxy */ = {
			isa = PBXContainerItemProxy;
			containerPortal = A2D94C672810841B001044B3 /* Project object */;
			proxyType = 1;
			remoteGlobalIDString = A2D94C6E2810841B001044B3;
			remoteInfo = GeekBrainsShop;
		};
/* End PBXContainerItemProxy section */

/* Begin PBXFileReference section */
		1B431154CAEE95A50397B17C /* Pods-GeekBrainsShop.debug.xcconfig */ = {isa = PBXFileReference; includeInIndex = 1; lastKnownFileType = text.xcconfig; name = "Pods-GeekBrainsShop.debug.xcconfig"; path = "Target Support Files/Pods-GeekBrainsShop/Pods-GeekBrainsShop.debug.xcconfig"; sourceTree = "<group>"; };
		5A25749E12B947FB1932FA7E /* Pods_GeekBrainsShop.framework */ = {isa = PBXFileReference; explicitFileType = wrapper.framework; includeInIndex = 0; path = Pods_GeekBrainsShop.framework; sourceTree = BUILT_PRODUCTS_DIR; };
		A2452DAE28158C2C00817714 /* DataRequest.swift */ = {isa = PBXFileReference; lastKnownFileType = sourcecode.swift; path = DataRequest.swift; sourceTree = "<group>"; };
		A2452DB028158C6200817714 /* RequestRouter.swift */ = {isa = PBXFileReference; lastKnownFileType = sourcecode.swift; path = RequestRouter.swift; sourceTree = "<group>"; };
		A2452DB228158CD700817714 /* LoginResult.swift */ = {isa = PBXFileReference; lastKnownFileType = sourcecode.swift; path = LoginResult.swift; sourceTree = "<group>"; };
		A2452DB428158CF400817714 /* User.swift */ = {isa = PBXFileReference; lastKnownFileType = sourcecode.swift; path = User.swift; sourceTree = "<group>"; };
		A2452DB728158D3E00817714 /* AuthRequestFactory.swift */ = {isa = PBXFileReference; lastKnownFileType = sourcecode.swift; path = AuthRequestFactory.swift; sourceTree = "<group>"; };
		A2452DB928158D5E00817714 /* Auth.swift */ = {isa = PBXFileReference; lastKnownFileType = sourcecode.swift; path = Auth.swift; sourceTree = "<group>"; };
		A2452DBB28158DDA00817714 /* RequestFactory.swift */ = {isa = PBXFileReference; lastKnownFileType = sourcecode.swift; path = RequestFactory.swift; sourceTree = "<group>"; };
		A2452DBD28158F8800817714 /* ChangeUserData.swift */ = {isa = PBXFileReference; lastKnownFileType = sourcecode.swift; path = ChangeUserData.swift; sourceTree = "<group>"; };
		A2452DBF28158FB100817714 /* ChangeUserDataRequestFactory.swift */ = {isa = PBXFileReference; lastKnownFileType = sourcecode.swift; path = ChangeUserDataRequestFactory.swift; sourceTree = "<group>"; };
		A2452DC128158FD300817714 /* Signup.swift */ = {isa = PBXFileReference; lastKnownFileType = sourcecode.swift; path = Signup.swift; sourceTree = "<group>"; };
		A2452DC328158FF800817714 /* SignupRequestFactory.swift */ = {isa = PBXFileReference; lastKnownFileType = sourcecode.swift; path = SignupRequestFactory.swift; sourceTree = "<group>"; };
		A2452DC52815902700817714 /* ChangeUserDataResult.swift */ = {isa = PBXFileReference; lastKnownFileType = sourcecode.swift; path = ChangeUserDataResult.swift; sourceTree = "<group>"; };
		A2452DC72815903D00817714 /* LogoutResult.swift */ = {isa = PBXFileReference; lastKnownFileType = sourcecode.swift; path = LogoutResult.swift; sourceTree = "<group>"; };
		A2452DC92815905B00817714 /* SignupResult.swift */ = {isa = PBXFileReference; lastKnownFileType = sourcecode.swift; path = SignupResult.swift; sourceTree = "<group>"; };
		A26810AD28158AE600B9F07C /* AbstractErrorParser.swift */ = {isa = PBXFileReference; lastKnownFileType = sourcecode.swift; path = AbstractErrorParser.swift; sourceTree = "<group>"; };
		A26810AF28158AFF00B9F07C /* ErrorParser.swift */ = {isa = PBXFileReference; lastKnownFileType = sourcecode.swift; path = ErrorParser.swift; sourceTree = "<group>"; };
		A26810B128158B7700B9F07C /* CustomDecodableSerializer.swift */ = {isa = PBXFileReference; lastKnownFileType = sourcecode.swift; path = CustomDecodableSerializer.swift; sourceTree = "<group>"; };
		A2D94C6F2810841B001044B3 /* GeekBrainsShop.app */ = {isa = PBXFileReference; explicitFileType = wrapper.application; includeInIndex = 0; path = GeekBrainsShop.app; sourceTree = BUILT_PRODUCTS_DIR; };
		A2D94C722810841B001044B3 /* AppDelegate.swift */ = {isa = PBXFileReference; lastKnownFileType = sourcecode.swift; path = AppDelegate.swift; sourceTree = "<group>"; };
		A2D94C742810841B001044B3 /* SceneDelegate.swift */ = {isa = PBXFileReference; lastKnownFileType = sourcecode.swift; path = SceneDelegate.swift; sourceTree = "<group>"; };
		A2D94C762810841B001044B3 /* ViewController.swift */ = {isa = PBXFileReference; lastKnownFileType = sourcecode.swift; path = ViewController.swift; sourceTree = "<group>"; };
		A2D94C792810841B001044B3 /* Base */ = {isa = PBXFileReference; lastKnownFileType = file.storyboard; name = Base; path = Base.lproj/Main.storyboard; sourceTree = "<group>"; };
		A2D94C7B28108422001044B3 /* Assets.xcassets */ = {isa = PBXFileReference; lastKnownFileType = folder.assetcatalog; path = Assets.xcassets; sourceTree = "<group>"; };
		A2D94C7E28108422001044B3 /* Base */ = {isa = PBXFileReference; lastKnownFileType = file.storyboard; name = Base; path = Base.lproj/LaunchScreen.storyboard; sourceTree = "<group>"; };
		A2D94C8028108422001044B3 /* Info.plist */ = {isa = PBXFileReference; lastKnownFileType = text.plist.xml; path = Info.plist; sourceTree = "<group>"; };
		A2D94C8528108422001044B3 /* GeekBrainsShopTests.xctest */ = {isa = PBXFileReference; explicitFileType = wrapper.cfbundle; includeInIndex = 0; path = GeekBrainsShopTests.xctest; sourceTree = BUILT_PRODUCTS_DIR; };
		A2D94C8928108422001044B3 /* GeekBrainsShopTests.swift */ = {isa = PBXFileReference; lastKnownFileType = sourcecode.swift; path = GeekBrainsShopTests.swift; sourceTree = "<group>"; };
		A2D94C8F28108422001044B3 /* GeekBrainsShopUITests.xctest */ = {isa = PBXFileReference; explicitFileType = wrapper.cfbundle; includeInIndex = 0; path = GeekBrainsShopUITests.xctest; sourceTree = BUILT_PRODUCTS_DIR; };
		A2D94C9328108422001044B3 /* GeekBrainsShopUITests.swift */ = {isa = PBXFileReference; lastKnownFileType = sourcecode.swift; path = GeekBrainsShopUITests.swift; sourceTree = "<group>"; };
		A2D94C9528108422001044B3 /* GeekBrainsShopUITestsLaunchTests.swift */ = {isa = PBXFileReference; lastKnownFileType = sourcecode.swift; path = GeekBrainsShopUITestsLaunchTests.swift; sourceTree = "<group>"; };
		A439F8CC890B765086360A05 /* Pods-GeekBrainsShop.release.xcconfig */ = {isa = PBXFileReference; includeInIndex = 1; lastKnownFileType = text.xcconfig; name = "Pods-GeekBrainsShop.release.xcconfig"; path = "Target Support Files/Pods-GeekBrainsShop/Pods-GeekBrainsShop.release.xcconfig"; sourceTree = "<group>"; };
/* End PBXFileReference section */

/* Begin PBXFrameworksBuildPhase section */
		A2D94C6C2810841B001044B3 /* Frameworks */ = {
			isa = PBXFrameworksBuildPhase;
			buildActionMask = 2147483647;
			files = (
				7DD8C0F46C88246AC27C5306 /* Pods_GeekBrainsShop.framework in Frameworks */,
			);
			runOnlyForDeploymentPostprocessing = 0;
		};
		A2D94C8228108422001044B3 /* Frameworks */ = {
			isa = PBXFrameworksBuildPhase;
			buildActionMask = 2147483647;
			files = (
			);
			runOnlyForDeploymentPostprocessing = 0;
		};
		A2D94C8C28108422001044B3 /* Frameworks */ = {
			isa = PBXFrameworksBuildPhase;
			buildActionMask = 2147483647;
			files = (
			);
			runOnlyForDeploymentPostprocessing = 0;
		};
/* End PBXFrameworksBuildPhase section */

/* Begin PBXGroup section */
		98F45266F9338867956B1D04 /* Pods */ = {
			isa = PBXGroup;
			children = (
				1B431154CAEE95A50397B17C /* Pods-GeekBrainsShop.debug.xcconfig */,
				A439F8CC890B765086360A05 /* Pods-GeekBrainsShop.release.xcconfig */,
			);
			path = Pods;
			sourceTree = "<group>";
		};
		A215198A28108BD900AC2FEC /* App */ = {
			isa = PBXGroup;
			children = (
				A2D94C742810841B001044B3 /* SceneDelegate.swift */,
				A2D94C722810841B001044B3 /* AppDelegate.swift */,
				A215198E28108C0600AC2FEC /* Flows */,
				A215198D28108BF800AC2FEC /* Assembly */,
				A215198C28108BEF00AC2FEC /* Entity */,
				A215198B28108BE300AC2FEC /* BussinessLogic */,
			);
			path = App;
			sourceTree = "<group>";
		};
		A215198B28108BE300AC2FEC /* BussinessLogic */ = {
			isa = PBXGroup;
			children = (
				A2452DB628158D2E00817714 /* Network */,
			);
			path = BussinessLogic;
			sourceTree = "<group>";
		};
		A215198C28108BEF00AC2FEC /* Entity */ = {
			isa = PBXGroup;
			children = (
				A2452DB228158CD700817714 /* LoginResult.swift */,
				A2452DB428158CF400817714 /* User.swift */,
				A2452DC52815902700817714 /* ChangeUserDataResult.swift */,
				A2452DC72815903D00817714 /* LogoutResult.swift */,
				A2452DC92815905B00817714 /* SignupResult.swift */,
			);
			path = Entity;
			sourceTree = "<group>";
		};
		A215198D28108BF800AC2FEC /* Assembly */ = {
			isa = PBXGroup;
			children = (
			);
			path = Assembly;
			sourceTree = "<group>";
		};
		A215198E28108C0600AC2FEC /* Flows */ = {
			isa = PBXGroup;
			children = (
				A2D94C762810841B001044B3 /* ViewController.swift */,
				A2D94C782810841B001044B3 /* Main.storyboard */,
			);
			path = Flows;
			sourceTree = "<group>";
		};
		A215198F28108C1300AC2FEC /* Core */ = {
			isa = PBXGroup;
			children = (
				A26810AC28158A9700B9F07C /* Network */,
			);
			path = Core;
			sourceTree = "<group>";
		};
		A215199028108C1800AC2FEC /* Resources */ = {
			isa = PBXGroup;
			children = (
				A2D94C7B28108422001044B3 /* Assets.xcassets */,
				A2D94C7D28108422001044B3 /* LaunchScreen.storyboard */,
			);
			path = Resources;
			sourceTree = "<group>";
		};
		A215199128108C2E00AC2FEC /* Environments */ = {
			isa = PBXGroup;
			children = (
				A2D94C8028108422001044B3 /* Info.plist */,
			);
			path = Environments;
			sourceTree = "<group>";
		};
		A2452DB628158D2E00817714 /* Network */ = {
			isa = PBXGroup;
			children = (
				A2452DBB28158DDA00817714 /* RequestFactory.swift */,
				A2452DCB2815909A00817714 /* Auth */,
				A2452DCC281590E400817714 /* ChangeUserData */,
				A2452DCD281590F600817714 /* Signup */,
			);
			path = Network;
			sourceTree = "<group>";
		};
		A2452DCB2815909A00817714 /* Auth */ = {
			isa = PBXGroup;
			children = (
				A2452DB728158D3E00817714 /* AuthRequestFactory.swift */,
				A2452DB928158D5E00817714 /* Auth.swift */,
			);
			path = Auth;
			sourceTree = "<group>";
		};
		A2452DCC281590E400817714 /* ChangeUserData */ = {
			isa = PBXGroup;
			children = (
				A2452DBD28158F8800817714 /* ChangeUserData.swift */,
				A2452DBF28158FB100817714 /* ChangeUserDataRequestFactory.swift */,
			);
			path = ChangeUserData;
			sourceTree = "<group>";
		};
		A2452DCD281590F600817714 /* Signup */ = {
			isa = PBXGroup;
			children = (
				A2452DC128158FD300817714 /* Signup.swift */,
				A2452DC328158FF800817714 /* SignupRequestFactory.swift */,
			);
			path = Signup;
			sourceTree = "<group>";
		};
		A26810AC28158A9700B9F07C /* Network */ = {
			isa = PBXGroup;
			children = (
				A26810AD28158AE600B9F07C /* AbstractErrorParser.swift */,
				A26810AF28158AFF00B9F07C /* ErrorParser.swift */,
				A26810B128158B7700B9F07C /* CustomDecodableSerializer.swift */,
				A2452DAE28158C2C00817714 /* DataRequest.swift */,
				A2452DB028158C6200817714 /* RequestRouter.swift */,
			);
			path = Network;
			sourceTree = "<group>";
		};
		A2D94C662810841B001044B3 = {
			isa = PBXGroup;
			children = (
				A2D94C712810841B001044B3 /* GeekBrainsShop */,
				A2D94C8828108422001044B3 /* GeekBrainsShopTests */,
				A2D94C9228108422001044B3 /* GeekBrainsShopUITests */,
				A2D94C702810841B001044B3 /* Products */,
				98F45266F9338867956B1D04 /* Pods */,
				FBEA5BE51222352FDC59755A /* Frameworks */,
			);
			sourceTree = "<group>";
		};
		A2D94C702810841B001044B3 /* Products */ = {
			isa = PBXGroup;
			children = (
				A2D94C6F2810841B001044B3 /* GeekBrainsShop.app */,
				A2D94C8528108422001044B3 /* GeekBrainsShopTests.xctest */,
				A2D94C8F28108422001044B3 /* GeekBrainsShopUITests.xctest */,
			);
			name = Products;
			sourceTree = "<group>";
		};
		A2D94C712810841B001044B3 /* GeekBrainsShop */ = {
			isa = PBXGroup;
			children = (
				A215198A28108BD900AC2FEC /* App */,
				A215198F28108C1300AC2FEC /* Core */,
				A215199028108C1800AC2FEC /* Resources */,
				A215199128108C2E00AC2FEC /* Environments */,
			);
			path = GeekBrainsShop;
			sourceTree = "<group>";
		};
		A2D94C8828108422001044B3 /* GeekBrainsShopTests */ = {
			isa = PBXGroup;
			children = (
				A2D94C8928108422001044B3 /* GeekBrainsShopTests.swift */,
			);
			path = GeekBrainsShopTests;
			sourceTree = "<group>";
		};
		A2D94C9228108422001044B3 /* GeekBrainsShopUITests */ = {
			isa = PBXGroup;
			children = (
				A2D94C9328108422001044B3 /* GeekBrainsShopUITests.swift */,
				A2D94C9528108422001044B3 /* GeekBrainsShopUITestsLaunchTests.swift */,
			);
			path = GeekBrainsShopUITests;
			sourceTree = "<group>";
		};
		FBEA5BE51222352FDC59755A /* Frameworks */ = {
			isa = PBXGroup;
			children = (
				5A25749E12B947FB1932FA7E /* Pods_GeekBrainsShop.framework */,
			);
			name = Frameworks;
			sourceTree = "<group>";
		};
/* End PBXGroup section */

/* Begin PBXNativeTarget section */
		A2D94C6E2810841B001044B3 /* GeekBrainsShop */ = {
			isa = PBXNativeTarget;
			buildConfigurationList = A2D94C9928108422001044B3 /* Build configuration list for PBXNativeTarget "GeekBrainsShop" */;
			buildPhases = (
				9327E4A72C41E903261067E3 /* [CP] Check Pods Manifest.lock */,
				A2D94C6B2810841B001044B3 /* Sources */,
				A2D94C6C2810841B001044B3 /* Frameworks */,
				A2D94C6D2810841B001044B3 /* Resources */,
				C093F676C1B7567B970E5361 /* [CP] Embed Pods Frameworks */,
			);
			buildRules = (
			);
			dependencies = (
			);
			name = GeekBrainsShop;
			productName = GeekBrainsShop;
			productReference = A2D94C6F2810841B001044B3 /* GeekBrainsShop.app */;
			productType = "com.apple.product-type.application";
		};
		A2D94C8428108422001044B3 /* GeekBrainsShopTests */ = {
			isa = PBXNativeTarget;
			buildConfigurationList = A2D94C9C28108422001044B3 /* Build configuration list for PBXNativeTarget "GeekBrainsShopTests" */;
			buildPhases = (
				A2D94C8128108422001044B3 /* Sources */,
				A2D94C8228108422001044B3 /* Frameworks */,
				A2D94C8328108422001044B3 /* Resources */,
			);
			buildRules = (
			);
			dependencies = (
				A2D94C8728108422001044B3 /* PBXTargetDependency */,
			);
			name = GeekBrainsShopTests;
			productName = GeekBrainsShopTests;
			productReference = A2D94C8528108422001044B3 /* GeekBrainsShopTests.xctest */;
			productType = "com.apple.product-type.bundle.unit-test";
		};
		A2D94C8E28108422001044B3 /* GeekBrainsShopUITests */ = {
			isa = PBXNativeTarget;
			buildConfigurationList = A2D94C9F28108422001044B3 /* Build configuration list for PBXNativeTarget "GeekBrainsShopUITests" */;
			buildPhases = (
				A2D94C8B28108422001044B3 /* Sources */,
				A2D94C8C28108422001044B3 /* Frameworks */,
				A2D94C8D28108422001044B3 /* Resources */,
			);
			buildRules = (
			);
			dependencies = (
				A2D94C9128108422001044B3 /* PBXTargetDependency */,
			);
			name = GeekBrainsShopUITests;
			productName = GeekBrainsShopUITests;
			productReference = A2D94C8F28108422001044B3 /* GeekBrainsShopUITests.xctest */;
			productType = "com.apple.product-type.bundle.ui-testing";
		};
/* End PBXNativeTarget section */

/* Begin PBXProject section */
		A2D94C672810841B001044B3 /* Project object */ = {
			isa = PBXProject;
			attributes = {
				BuildIndependentTargetsInParallel = 1;
				LastSwiftUpdateCheck = 1330;
				LastUpgradeCheck = 1330;
				TargetAttributes = {
					A2D94C6E2810841B001044B3 = {
						CreatedOnToolsVersion = 13.3.1;
					};
					A2D94C8428108422001044B3 = {
						CreatedOnToolsVersion = 13.3.1;
						TestTargetID = A2D94C6E2810841B001044B3;
					};
					A2D94C8E28108422001044B3 = {
						CreatedOnToolsVersion = 13.3.1;
						TestTargetID = A2D94C6E2810841B001044B3;
					};
				};
			};
			buildConfigurationList = A2D94C6A2810841B001044B3 /* Build configuration list for PBXProject "GeekBrainsShop" */;
			compatibilityVersion = "Xcode 13.0";
			developmentRegion = en;
			hasScannedForEncodings = 0;
			knownRegions = (
				en,
				Base,
			);
			mainGroup = A2D94C662810841B001044B3;
			productRefGroup = A2D94C702810841B001044B3 /* Products */;
			projectDirPath = "";
			projectRoot = "";
			targets = (
				A2D94C6E2810841B001044B3 /* GeekBrainsShop */,
				A2D94C8428108422001044B3 /* GeekBrainsShopTests */,
				A2D94C8E28108422001044B3 /* GeekBrainsShopUITests */,
			);
		};
/* End PBXProject section */

/* Begin PBXResourcesBuildPhase section */
		A2D94C6D2810841B001044B3 /* Resources */ = {
			isa = PBXResourcesBuildPhase;
			buildActionMask = 2147483647;
			files = (
				A2D94C7F28108422001044B3 /* LaunchScreen.storyboard in Resources */,
				A2D94C7C28108422001044B3 /* Assets.xcassets in Resources */,
				A2D94C7A2810841B001044B3 /* Main.storyboard in Resources */,
			);
			runOnlyForDeploymentPostprocessing = 0;
		};
		A2D94C8328108422001044B3 /* Resources */ = {
			isa = PBXResourcesBuildPhase;
			buildActionMask = 2147483647;
			files = (
			);
			runOnlyForDeploymentPostprocessing = 0;
		};
		A2D94C8D28108422001044B3 /* Resources */ = {
			isa = PBXResourcesBuildPhase;
			buildActionMask = 2147483647;
			files = (
			);
			runOnlyForDeploymentPostprocessing = 0;
		};
/* End PBXResourcesBuildPhase section */

/* Begin PBXShellScriptBuildPhase section */
		9327E4A72C41E903261067E3 /* [CP] Check Pods Manifest.lock */ = {
			isa = PBXShellScriptBuildPhase;
			buildActionMask = 2147483647;
			files = (
			);
			inputFileListPaths = (
			);
			inputPaths = (
				"${PODS_PODFILE_DIR_PATH}/Podfile.lock",
				"${PODS_ROOT}/Manifest.lock",
			);
			name = "[CP] Check Pods Manifest.lock";
			outputFileListPaths = (
			);
			outputPaths = (
				"$(DERIVED_FILE_DIR)/Pods-GeekBrainsShop-checkManifestLockResult.txt",
			);
			runOnlyForDeploymentPostprocessing = 0;
			shellPath = /bin/sh;
			shellScript = "diff \"${PODS_PODFILE_DIR_PATH}/Podfile.lock\" \"${PODS_ROOT}/Manifest.lock\" > /dev/null\nif [ $? != 0 ] ; then\n    # print error to STDERR\n    echo \"error: The sandbox is not in sync with the Podfile.lock. Run 'pod install' or update your CocoaPods installation.\" >&2\n    exit 1\nfi\n# This output is used by Xcode 'outputs' to avoid re-running this script phase.\necho \"SUCCESS\" > \"${SCRIPT_OUTPUT_FILE_0}\"\n";
			showEnvVarsInLog = 0;
		};
		C093F676C1B7567B970E5361 /* [CP] Embed Pods Frameworks */ = {
			isa = PBXShellScriptBuildPhase;
			buildActionMask = 2147483647;
			files = (
			);
			inputFileListPaths = (
				"${PODS_ROOT}/Target Support Files/Pods-GeekBrainsShop/Pods-GeekBrainsShop-frameworks-${CONFIGURATION}-input-files.xcfilelist",
			);
			name = "[CP] Embed Pods Frameworks";
			outputFileListPaths = (
				"${PODS_ROOT}/Target Support Files/Pods-GeekBrainsShop/Pods-GeekBrainsShop-frameworks-${CONFIGURATION}-output-files.xcfilelist",
			);
			runOnlyForDeploymentPostprocessing = 0;
			shellPath = /bin/sh;
			shellScript = "\"${PODS_ROOT}/Target Support Files/Pods-GeekBrainsShop/Pods-GeekBrainsShop-frameworks.sh\"\n";
			showEnvVarsInLog = 0;
		};
/* End PBXShellScriptBuildPhase section */

/* Begin PBXSourcesBuildPhase section */
		A2D94C6B2810841B001044B3 /* Sources */ = {
			isa = PBXSourcesBuildPhase;
			buildActionMask = 2147483647;
			files = (
				A2452DB828158D3E00817714 /* AuthRequestFactory.swift in Sources */,
				A2452DB128158C6200817714 /* RequestRouter.swift in Sources */,
				A2452DAF28158C2C00817714 /* DataRequest.swift in Sources */,
				A2452DBC28158DDA00817714 /* RequestFactory.swift in Sources */,
				A2452DBE28158F8800817714 /* ChangeUserData.swift in Sources */,
				A26810B028158AFF00B9F07C /* ErrorParser.swift in Sources */,
				A2D94C772810841B001044B3 /* ViewController.swift in Sources */,
				A2452DC82815903D00817714 /* LogoutResult.swift in Sources */,
				A2D94C732810841B001044B3 /* AppDelegate.swift in Sources */,
				A2D94C752810841B001044B3 /* SceneDelegate.swift in Sources */,
				A2452DCA2815905B00817714 /* SignupResult.swift in Sources */,
				A2452DC428158FF800817714 /* SignupRequestFactory.swift in Sources */,
				A2452DB328158CD700817714 /* LoginResult.swift in Sources */,
				A2452DC62815902700817714 /* ChangeUserDataResult.swift in Sources */,
				A26810B228158B7700B9F07C /* CustomDecodableSerializer.swift in Sources */,
				A2452DB528158CF400817714 /* User.swift in Sources */,
				A26810AE28158AE600B9F07C /* AbstractErrorParser.swift in Sources */,
				A2452DC228158FD300817714 /* Signup.swift in Sources */,
				A2452DC028158FB100817714 /* ChangeUserDataRequestFactory.swift in Sources */,
				A2452DBA28158D5E00817714 /* Auth.swift in Sources */,
			);
			runOnlyForDeploymentPostprocessing = 0;
		};
		A2D94C8128108422001044B3 /* Sources */ = {
			isa = PBXSourcesBuildPhase;
			buildActionMask = 2147483647;
			files = (
				A2D94C8A28108422001044B3 /* GeekBrainsShopTests.swift in Sources */,
			);
			runOnlyForDeploymentPostprocessing = 0;
		};
		A2D94C8B28108422001044B3 /* Sources */ = {
			isa = PBXSourcesBuildPhase;
			buildActionMask = 2147483647;
			files = (
				A2D94C9428108422001044B3 /* GeekBrainsShopUITests.swift in Sources */,
				A2D94C9628108422001044B3 /* GeekBrainsShopUITestsLaunchTests.swift in Sources */,
			);
			runOnlyForDeploymentPostprocessing = 0;
		};
/* End PBXSourcesBuildPhase section */

/* Begin PBXTargetDependency section */
		A2D94C8728108422001044B3 /* PBXTargetDependency */ = {
			isa = PBXTargetDependency;
			target = A2D94C6E2810841B001044B3 /* GeekBrainsShop */;
			targetProxy = A2D94C8628108422001044B3 /* PBXContainerItemProxy */;
		};
		A2D94C9128108422001044B3 /* PBXTargetDependency */ = {
			isa = PBXTargetDependency;
			target = A2D94C6E2810841B001044B3 /* GeekBrainsShop */;
			targetProxy = A2D94C9028108422001044B3 /* PBXContainerItemProxy */;
		};
/* End PBXTargetDependency section */

/* Begin PBXVariantGroup section */
		A2D94C782810841B001044B3 /* Main.storyboard */ = {
			isa = PBXVariantGroup;
			children = (
				A2D94C792810841B001044B3 /* Base */,
			);
			name = Main.storyboard;
			sourceTree = "<group>";
		};
		A2D94C7D28108422001044B3 /* LaunchScreen.storyboard */ = {
			isa = PBXVariantGroup;
			children = (
				A2D94C7E28108422001044B3 /* Base */,
			);
			name = LaunchScreen.storyboard;
			sourceTree = "<group>";
		};
/* End PBXVariantGroup section */

/* Begin XCBuildConfiguration section */
		A2D94C9728108422001044B3 /* Debug */ = {
			isa = XCBuildConfiguration;
			buildSettings = {
				ALWAYS_SEARCH_USER_PATHS = NO;
				CLANG_ANALYZER_NONNULL = YES;
				CLANG_ANALYZER_NUMBER_OBJECT_CONVERSION = YES_AGGRESSIVE;
				CLANG_CXX_LANGUAGE_STANDARD = "gnu++17";
				CLANG_ENABLE_MODULES = YES;
				CLANG_ENABLE_OBJC_ARC = YES;
				CLANG_ENABLE_OBJC_WEAK = YES;
				CLANG_WARN_BLOCK_CAPTURE_AUTORELEASING = YES;
				CLANG_WARN_BOOL_CONVERSION = YES;
				CLANG_WARN_COMMA = YES;
				CLANG_WARN_CONSTANT_CONVERSION = YES;
				CLANG_WARN_DEPRECATED_OBJC_IMPLEMENTATIONS = YES;
				CLANG_WARN_DIRECT_OBJC_ISA_USAGE = YES_ERROR;
				CLANG_WARN_DOCUMENTATION_COMMENTS = YES;
				CLANG_WARN_EMPTY_BODY = YES;
				CLANG_WARN_ENUM_CONVERSION = YES;
				CLANG_WARN_INFINITE_RECURSION = YES;
				CLANG_WARN_INT_CONVERSION = YES;
				CLANG_WARN_NON_LITERAL_NULL_CONVERSION = YES;
				CLANG_WARN_OBJC_IMPLICIT_RETAIN_SELF = YES;
				CLANG_WARN_OBJC_LITERAL_CONVERSION = YES;
				CLANG_WARN_OBJC_ROOT_CLASS = YES_ERROR;
				CLANG_WARN_QUOTED_INCLUDE_IN_FRAMEWORK_HEADER = YES;
				CLANG_WARN_RANGE_LOOP_ANALYSIS = YES;
				CLANG_WARN_STRICT_PROTOTYPES = YES;
				CLANG_WARN_SUSPICIOUS_MOVE = YES;
				CLANG_WARN_UNGUARDED_AVAILABILITY = YES_AGGRESSIVE;
				CLANG_WARN_UNREACHABLE_CODE = YES;
				CLANG_WARN__DUPLICATE_METHOD_MATCH = YES;
				COPY_PHASE_STRIP = NO;
				DEBUG_INFORMATION_FORMAT = dwarf;
				ENABLE_STRICT_OBJC_MSGSEND = YES;
				ENABLE_TESTABILITY = YES;
				GCC_C_LANGUAGE_STANDARD = gnu11;
				GCC_DYNAMIC_NO_PIC = NO;
				GCC_NO_COMMON_BLOCKS = YES;
				GCC_OPTIMIZATION_LEVEL = 0;
				GCC_PREPROCESSOR_DEFINITIONS = (
					"DEBUG=1",
					"$(inherited)",
				);
				GCC_WARN_64_TO_32_BIT_CONVERSION = YES;
				GCC_WARN_ABOUT_RETURN_TYPE = YES_ERROR;
				GCC_WARN_UNDECLARED_SELECTOR = YES;
				GCC_WARN_UNINITIALIZED_AUTOS = YES_AGGRESSIVE;
				GCC_WARN_UNUSED_FUNCTION = YES;
				GCC_WARN_UNUSED_VARIABLE = YES;
				IPHONEOS_DEPLOYMENT_TARGET = 15.4;
				MTL_ENABLE_DEBUG_INFO = INCLUDE_SOURCE;
				MTL_FAST_MATH = YES;
				ONLY_ACTIVE_ARCH = YES;
				SDKROOT = iphoneos;
				SWIFT_ACTIVE_COMPILATION_CONDITIONS = DEBUG;
				SWIFT_OPTIMIZATION_LEVEL = "-Onone";
			};
			name = Debug;
		};
		A2D94C9828108422001044B3 /* Release */ = {
			isa = XCBuildConfiguration;
			buildSettings = {
				ALWAYS_SEARCH_USER_PATHS = NO;
				CLANG_ANALYZER_NONNULL = YES;
				CLANG_ANALYZER_NUMBER_OBJECT_CONVERSION = YES_AGGRESSIVE;
				CLANG_CXX_LANGUAGE_STANDARD = "gnu++17";
				CLANG_ENABLE_MODULES = YES;
				CLANG_ENABLE_OBJC_ARC = YES;
				CLANG_ENABLE_OBJC_WEAK = YES;
				CLANG_WARN_BLOCK_CAPTURE_AUTORELEASING = YES;
				CLANG_WARN_BOOL_CONVERSION = YES;
				CLANG_WARN_COMMA = YES;
				CLANG_WARN_CONSTANT_CONVERSION = YES;
				CLANG_WARN_DEPRECATED_OBJC_IMPLEMENTATIONS = YES;
				CLANG_WARN_DIRECT_OBJC_ISA_USAGE = YES_ERROR;
				CLANG_WARN_DOCUMENTATION_COMMENTS = YES;
				CLANG_WARN_EMPTY_BODY = YES;
				CLANG_WARN_ENUM_CONVERSION = YES;
				CLANG_WARN_INFINITE_RECURSION = YES;
				CLANG_WARN_INT_CONVERSION = YES;
				CLANG_WARN_NON_LITERAL_NULL_CONVERSION = YES;
				CLANG_WARN_OBJC_IMPLICIT_RETAIN_SELF = YES;
				CLANG_WARN_OBJC_LITERAL_CONVERSION = YES;
				CLANG_WARN_OBJC_ROOT_CLASS = YES_ERROR;
				CLANG_WARN_QUOTED_INCLUDE_IN_FRAMEWORK_HEADER = YES;
				CLANG_WARN_RANGE_LOOP_ANALYSIS = YES;
				CLANG_WARN_STRICT_PROTOTYPES = YES;
				CLANG_WARN_SUSPICIOUS_MOVE = YES;
				CLANG_WARN_UNGUARDED_AVAILABILITY = YES_AGGRESSIVE;
				CLANG_WARN_UNREACHABLE_CODE = YES;
				CLANG_WARN__DUPLICATE_METHOD_MATCH = YES;
				COPY_PHASE_STRIP = NO;
				DEBUG_INFORMATION_FORMAT = "dwarf-with-dsym";
				ENABLE_NS_ASSERTIONS = NO;
				ENABLE_STRICT_OBJC_MSGSEND = YES;
				GCC_C_LANGUAGE_STANDARD = gnu11;
				GCC_NO_COMMON_BLOCKS = YES;
				GCC_WARN_64_TO_32_BIT_CONVERSION = YES;
				GCC_WARN_ABOUT_RETURN_TYPE = YES_ERROR;
				GCC_WARN_UNDECLARED_SELECTOR = YES;
				GCC_WARN_UNINITIALIZED_AUTOS = YES_AGGRESSIVE;
				GCC_WARN_UNUSED_FUNCTION = YES;
				GCC_WARN_UNUSED_VARIABLE = YES;
				IPHONEOS_DEPLOYMENT_TARGET = 15.4;
				MTL_ENABLE_DEBUG_INFO = NO;
				MTL_FAST_MATH = YES;
				SDKROOT = iphoneos;
				SWIFT_COMPILATION_MODE = wholemodule;
				SWIFT_OPTIMIZATION_LEVEL = "-O";
				VALIDATE_PRODUCT = YES;
			};
			name = Release;
		};
		A2D94C9A28108422001044B3 /* Debug */ = {
			isa = XCBuildConfiguration;
			baseConfigurationReference = 1B431154CAEE95A50397B17C /* Pods-GeekBrainsShop.debug.xcconfig */;
			buildSettings = {
				ASSETCATALOG_COMPILER_APPICON_NAME = AppIcon;
				ASSETCATALOG_COMPILER_GLOBAL_ACCENT_COLOR_NAME = AccentColor;
				CODE_SIGN_STYLE = Automatic;
				CURRENT_PROJECT_VERSION = 1;
				DEVELOPMENT_TEAM = W7LU6YZGVJ;
				GENERATE_INFOPLIST_FILE = YES;
				INFOPLIST_FILE = GeekBrainsShop/Environments/Info.plist;
				INFOPLIST_KEY_UIApplicationSupportsIndirectInputEvents = YES;
				INFOPLIST_KEY_UILaunchStoryboardName = LaunchScreen;
				INFOPLIST_KEY_UIMainStoryboardFile = Main;
				INFOPLIST_KEY_UISupportedInterfaceOrientations = UIInterfaceOrientationPortrait;
				INFOPLIST_KEY_UISupportedInterfaceOrientations_iPad = "UIInterfaceOrientationPortrait UIInterfaceOrientationPortraitUpsideDown UIInterfaceOrientationLandscapeLeft UIInterfaceOrientationLandscapeRight";
				INFOPLIST_KEY_UISupportedInterfaceOrientations_iPhone = "UIInterfaceOrientationPortrait UIInterfaceOrientationLandscapeLeft UIInterfaceOrientationLandscapeRight";
				LD_RUNPATH_SEARCH_PATHS = (
					"$(inherited)",
					"@executable_path/Frameworks",
				);
				MARKETING_VERSION = 1.0;
				PRODUCT_BUNDLE_IDENTIFIER = com.app.GeekBrainsShop;
				PRODUCT_NAME = "$(TARGET_NAME)";
				SWIFT_EMIT_LOC_STRINGS = YES;
				SWIFT_VERSION = 5.0;
				TARGETED_DEVICE_FAMILY = 1;
			};
			name = Debug;
		};
		A2D94C9B28108422001044B3 /* Release */ = {
			isa = XCBuildConfiguration;
			baseConfigurationReference = A439F8CC890B765086360A05 /* Pods-GeekBrainsShop.release.xcconfig */;
			buildSettings = {
				ASSETCATALOG_COMPILER_APPICON_NAME = AppIcon;
				ASSETCATALOG_COMPILER_GLOBAL_ACCENT_COLOR_NAME = AccentColor;
				CODE_SIGN_STYLE = Automatic;
				CURRENT_PROJECT_VERSION = 1;
				DEVELOPMENT_TEAM = W7LU6YZGVJ;
				GENERATE_INFOPLIST_FILE = YES;
				INFOPLIST_FILE = GeekBrainsShop/Environments/Info.plist;
				INFOPLIST_KEY_UIApplicationSupportsIndirectInputEvents = YES;
				INFOPLIST_KEY_UILaunchStoryboardName = LaunchScreen;
				INFOPLIST_KEY_UIMainStoryboardFile = Main;
				INFOPLIST_KEY_UISupportedInterfaceOrientations = UIInterfaceOrientationPortrait;
				INFOPLIST_KEY_UISupportedInterfaceOrientations_iPad = "UIInterfaceOrientationPortrait UIInterfaceOrientationPortraitUpsideDown UIInterfaceOrientationLandscapeLeft UIInterfaceOrientationLandscapeRight";
				INFOPLIST_KEY_UISupportedInterfaceOrientations_iPhone = "UIInterfaceOrientationPortrait UIInterfaceOrientationLandscapeLeft UIInterfaceOrientationLandscapeRight";
				LD_RUNPATH_SEARCH_PATHS = (
					"$(inherited)",
					"@executable_path/Frameworks",
				);
				MARKETING_VERSION = 1.0;
				PRODUCT_BUNDLE_IDENTIFIER = com.app.GeekBrainsShop;
				PRODUCT_NAME = "$(TARGET_NAME)";
				SWIFT_EMIT_LOC_STRINGS = YES;
				SWIFT_VERSION = 5.0;
				TARGETED_DEVICE_FAMILY = 1;
			};
			name = Release;
		};
		A2D94C9D28108422001044B3 /* Debug */ = {
			isa = XCBuildConfiguration;
			buildSettings = {
				ALWAYS_EMBED_SWIFT_STANDARD_LIBRARIES = YES;
				BUNDLE_LOADER = "$(TEST_HOST)";
				CODE_SIGN_STYLE = Automatic;
				CURRENT_PROJECT_VERSION = 1;
				DEVELOPMENT_TEAM = W7LU6YZGVJ;
				GENERATE_INFOPLIST_FILE = YES;
				IPHONEOS_DEPLOYMENT_TARGET = 15.4;
				MARKETING_VERSION = 1.0;
				PRODUCT_BUNDLE_IDENTIFIER = com.app.GeekBrainsShopTests;
				PRODUCT_NAME = "$(TARGET_NAME)";
				SWIFT_EMIT_LOC_STRINGS = NO;
				SWIFT_VERSION = 5.0;
				TARGETED_DEVICE_FAMILY = "1,2";
				TEST_HOST = "$(BUILT_PRODUCTS_DIR)/GeekBrainsShop.app/GeekBrainsShop";
			};
			name = Debug;
		};
		A2D94C9E28108422001044B3 /* Release */ = {
			isa = XCBuildConfiguration;
			buildSettings = {
				ALWAYS_EMBED_SWIFT_STANDARD_LIBRARIES = YES;
				BUNDLE_LOADER = "$(TEST_HOST)";
				CODE_SIGN_STYLE = Automatic;
				CURRENT_PROJECT_VERSION = 1;
				DEVELOPMENT_TEAM = W7LU6YZGVJ;
				GENERATE_INFOPLIST_FILE = YES;
				IPHONEOS_DEPLOYMENT_TARGET = 15.4;
				MARKETING_VERSION = 1.0;
				PRODUCT_BUNDLE_IDENTIFIER = com.app.GeekBrainsShopTests;
				PRODUCT_NAME = "$(TARGET_NAME)";
				SWIFT_EMIT_LOC_STRINGS = NO;
				SWIFT_VERSION = 5.0;
				TARGETED_DEVICE_FAMILY = "1,2";
				TEST_HOST = "$(BUILT_PRODUCTS_DIR)/GeekBrainsShop.app/GeekBrainsShop";
			};
			name = Release;
		};
		A2D94CA028108422001044B3 /* Debug */ = {
			isa = XCBuildConfiguration;
			buildSettings = {
				ALWAYS_EMBED_SWIFT_STANDARD_LIBRARIES = YES;
				CODE_SIGN_STYLE = Automatic;
				CURRENT_PROJECT_VERSION = 1;
				DEVELOPMENT_TEAM = W7LU6YZGVJ;
				GENERATE_INFOPLIST_FILE = YES;
				MARKETING_VERSION = 1.0;
				PRODUCT_BUNDLE_IDENTIFIER = com.app.GeekBrainsShopUITests;
				PRODUCT_NAME = "$(TARGET_NAME)";
				SWIFT_EMIT_LOC_STRINGS = NO;
				SWIFT_VERSION = 5.0;
				TARGETED_DEVICE_FAMILY = "1,2";
				TEST_TARGET_NAME = GeekBrainsShop;
			};
			name = Debug;
		};
		A2D94CA128108422001044B3 /* Release */ = {
			isa = XCBuildConfiguration;
			buildSettings = {
				ALWAYS_EMBED_SWIFT_STANDARD_LIBRARIES = YES;
				CODE_SIGN_STYLE = Automatic;
				CURRENT_PROJECT_VERSION = 1;
				DEVELOPMENT_TEAM = W7LU6YZGVJ;
				GENERATE_INFOPLIST_FILE = YES;
				MARKETING_VERSION = 1.0;
				PRODUCT_BUNDLE_IDENTIFIER = com.app.GeekBrainsShopUITests;
				PRODUCT_NAME = "$(TARGET_NAME)";
				SWIFT_EMIT_LOC_STRINGS = NO;
				SWIFT_VERSION = 5.0;
				TARGETED_DEVICE_FAMILY = "1,2";
				TEST_TARGET_NAME = GeekBrainsShop;
			};
			name = Release;
		};
/* End XCBuildConfiguration section */

/* Begin XCConfigurationList section */
		A2D94C6A2810841B001044B3 /* Build configuration list for PBXProject "GeekBrainsShop" */ = {
			isa = XCConfigurationList;
			buildConfigurations = (
				A2D94C9728108422001044B3 /* Debug */,
				A2D94C9828108422001044B3 /* Release */,
			);
			defaultConfigurationIsVisible = 0;
			defaultConfigurationName = Release;
		};
		A2D94C9928108422001044B3 /* Build configuration list for PBXNativeTarget "GeekBrainsShop" */ = {
			isa = XCConfigurationList;
			buildConfigurations = (
				A2D94C9A28108422001044B3 /* Debug */,
				A2D94C9B28108422001044B3 /* Release */,
			);
			defaultConfigurationIsVisible = 0;
			defaultConfigurationName = Release;
		};
		A2D94C9C28108422001044B3 /* Build configuration list for PBXNativeTarget "GeekBrainsShopTests" */ = {
			isa = XCConfigurationList;
			buildConfigurations = (
				A2D94C9D28108422001044B3 /* Debug */,
				A2D94C9E28108422001044B3 /* Release */,
			);
			defaultConfigurationIsVisible = 0;
			defaultConfigurationName = Release;
		};
		A2D94C9F28108422001044B3 /* Build configuration list for PBXNativeTarget "GeekBrainsShopUITests" */ = {
			isa = XCConfigurationList;
			buildConfigurations = (
				A2D94CA028108422001044B3 /* Debug */,
				A2D94CA128108422001044B3 /* Release */,
			);
			defaultConfigurationIsVisible = 0;
			defaultConfigurationName = Release;
		};
/* End XCConfigurationList section */
	};
	rootObject = A2D94C672810841B001044B3 /* Project object */;
}
